github.com/go-errors/errors v1.2.0 h1:g5NHvR3mlTvaIa23r4xj7JAHlIhdVhOK8rEOGauEMCY=
github.com/go-errors/errors v1.2.0/go.mod h1:psDX2osz5VnTOnFWbDeWwS7yejl+uV3FEWEp4lssFEs=
github.com/gorilla/mux v1.8.0 h1:i40aqfkR1h2SlN9hojwV5ZA91wcXFOvkdNIeFDP5koI=
github.com/gorilla/mux v1.8.0/go.mod h1:DVbg23sWSpFRCP0SfiEN6jmj59UnW/n46BH5rLB71So=
